
Microsoft Visual Studio Solution File, Format Version 12.00
# Visual Studio Version 17
VisualStudioVersion = 17.5.33103.201
MinimumVisualStudioVersion = 10.0.40219.1
Project("{9A19103F-16F7-4668-BE54-9A1E7A4F7556}") = "MatterNet", "MatterNet.csproj", "{2FF8C471-85E6-495A-ABE4-2B46544B6C20}"
EndProject
Project("{FAE04EC0-301F-11D3-BF4B-00C04F79EFBC}") = "ClientTestApp", "..\ClientTestApp\ClientTestApp.csproj", "{00026955-5AB6-48DE-B47E-F902BC4D0B8A}"
EndProject
Global
	GlobalSection(SolutionConfigurationPlatforms) = preSolution
		Debug|Any CPU = Debug|Any CPU
		Release|Any CPU = Release|Any CPU
	EndGlobalSection
	GlobalSection(ProjectConfigurationPlatforms) = postSolution
		{2FF8C471-85E6-495A-ABE4-2B46544B6C20}.Debug|Any CPU.ActiveCfg = Debug|Any CPU
		{2FF8C471-85E6-495A-ABE4-2B46544B6C20}.Debug|Any CPU.Build.0 = Debug|Any CPU
		{2FF8C471-85E6-495A-ABE4-2B46544B6C20}.Release|Any CPU.ActiveCfg = Release|Any CPU
		{2FF8C471-85E6-495A-ABE4-2B46544B6C20}.Release|Any CPU.Build.0 = Release|Any CPU
		{00026955-5AB6-48DE-B47E-F902BC4D0B8A}.Debug|Any CPU.ActiveCfg = Debug|Any CPU
		{00026955-5AB6-48DE-B47E-F902BC4D0B8A}.Debug|Any CPU.Build.0 = Debug|Any CPU
		{00026955-5AB6-48DE-B47E-F902BC4D0B8A}.Release|Any CPU.ActiveCfg = Release|Any CPU
		{00026955-5AB6-48DE-B47E-F902BC4D0B8A}.Release|Any CPU.Build.0 = Release|Any CPU
	EndGlobalSection
	GlobalSection(SolutionProperties) = preSolution
		HideSolutionNode = FALSE
	EndGlobalSection
	GlobalSection(ExtensibilityGlobals) = postSolution
		SolutionGuid = {4B934D67-FA73-474F-9293-8646B55C9B20}
	EndGlobalSection
EndGlobal
